
Microsoft Visual Studio Solution File, Format Version 12.00
# Visual Studio 15
VisualStudioVersion = 15.0.27004.2006
MinimumVisualStudioVersion = 10.0.40219.1
Project("{2150E333-8FDC-42A3-9474-1A3956D46DE8}") = "src", "src", "{639A4228-C913-4634-B58B-60A484692395}"
EndProject
Project("{2150E333-8FDC-42A3-9474-1A3956D46DE8}") = "Solution Items", "Solution Items", "{DEC4F1B4-249B-40F1-A51E-95101B8574EE}"
	ProjectSection(SolutionItems) = preProject
		.gitignore = .gitignore
		LICENSE = LICENSE
		README.md = README.md
		src\Directory.Build.props = src\Directory.Build.props
	EndProjectSection
EndProject
Project("{2150E333-8FDC-42A3-9474-1A3956D46DE8}") = "1.0", "1.0", "{50161941-2099-44EC-91E1-8001A3F8EF32}"
EndProject
Project("{9A19103F-16F7-4668-BE54-9A1E7A4F7556}") = "Ministry.State", "src\Ministry.State.AspNetCore-1.0\Ministry.State.csproj", "{B25EDC4B-7E19-42A7-869F-8CD5BCEBC0A7}"
EndProject
Project("{2150E333-8FDC-42A3-9474-1A3956D46DE8}") = "2.0", "2.0", "{C602AC02-BB9F-4C77-8B02-DAFB54EEC6BA}"
EndProject
Project("{9A19103F-16F7-4668-BE54-9A1E7A4F7556}") = "Ministry.State", "src\Ministry.State.AspNetCore-2.0\Ministry.State.csproj", "{4FBB2BAD-4A2E-4956-8699-1972CB46CF2C}"
EndProject
Project("{2150E333-8FDC-42A3-9474-1A3956D46DE8}") = "net", "net", "{70AADC2A-8F41-447B-B1FA-563193BB6FE3}"
EndProject
Project("{FAE04EC0-301F-11D3-BF4B-00C04F79EFBC}") = "Ministry.State", "src\Ministry.State.Net\Ministry.State.csproj", "{DA017CEB-AA8F-47D2-81AF-648683F27F53}"
EndProject
Global
	GlobalSection(SharedMSBuildProjectFiles) = preSolution
		src\Ministry.State.Shared\Ministry.State.Shared.projitems*{88956069-4c83-4b13-bc5f-87b7ecae90fa}*SharedItemsImports = 13
		src\Ministry.State.SharedCore\Ministry.State.Shared.projitems*{ba323e70-b2e6-470b-a318-e7c1025484ef}*SharedItemsImports = 13
	EndGlobalSection
	GlobalSection(SolutionConfigurationPlatforms) = preSolution
		Debug|Any CPU = Debug|Any CPU
		Release|Any CPU = Release|Any CPU
	EndGlobalSection
	GlobalSection(ProjectConfigurationPlatforms) = postSolution
		{B25EDC4B-7E19-42A7-869F-8CD5BCEBC0A7}.Debug|Any CPU.ActiveCfg = Debug|Any CPU
		{B25EDC4B-7E19-42A7-869F-8CD5BCEBC0A7}.Debug|Any CPU.Build.0 = Debug|Any CPU
		{B25EDC4B-7E19-42A7-869F-8CD5BCEBC0A7}.Release|Any CPU.ActiveCfg = Release|Any CPU
		{B25EDC4B-7E19-42A7-869F-8CD5BCEBC0A7}.Release|Any CPU.Build.0 = Release|Any CPU
		{4FBB2BAD-4A2E-4956-8699-1972CB46CF2C}.Debug|Any CPU.ActiveCfg = Debug|Any CPU
		{4FBB2BAD-4A2E-4956-8699-1972CB46CF2C}.Debug|Any CPU.Build.0 = Debug|Any CPU
		{4FBB2BAD-4A2E-4956-8699-1972CB46CF2C}.Release|Any CPU.ActiveCfg = Release|Any CPU
		{4FBB2BAD-4A2E-4956-8699-1972CB46CF2C}.Release|Any CPU.Build.0 = Release|Any CPU
		{DA017CEB-AA8F-47D2-81AF-648683F27F53}.Debug|Any CPU.ActiveCfg = Debug|Any CPU
		{DA017CEB-AA8F-47D2-81AF-648683F27F53}.Debug|Any CPU.Build.0 = Debug|Any CPU
		{DA017CEB-AA8F-47D2-81AF-648683F27F53}.Release|Any CPU.ActiveCfg = Release|Any CPU
		{DA017CEB-AA8F-47D2-81AF-648683F27F53}.Release|Any CPU.Build.0 = Release|Any CPU
	EndGlobalSection
	GlobalSection(SolutionProperties) = preSolution
		HideSolutionNode = FALSE
	EndGlobalSection
	GlobalSection(NestedProjects) = preSolution
		{B25EDC4B-7E19-42A7-869F-8CD5BCEBC0A7} = {50161941-2099-44EC-91E1-8001A3F8EF32}
		{4FBB2BAD-4A2E-4956-8699-1972CB46CF2C} = {C602AC02-BB9F-4C77-8B02-DAFB54EEC6BA}
		{50161941-2099-44EC-91E1-8001A3F8EF32} = {639A4228-C913-4634-B58B-60A484692395}
		{C602AC02-BB9F-4C77-8B02-DAFB54EEC6BA} = {639A4228-C913-4634-B58B-60A484692395}
		{70AADC2A-8F41-447B-B1FA-563193BB6FE3} = {639A4228-C913-4634-B58B-60A484692395}
		{DA017CEB-AA8F-47D2-81AF-648683F27F53} = {70AADC2A-8F41-447B-B1FA-563193BB6FE3}
	EndGlobalSection
	GlobalSection(ExtensibilityGlobals) = postSolution
		SolutionGuid = {5972A7D9-8D3A-451D-BCEB-D545E0AC7063}
	EndGlobalSection
EndGlobal
